
Microsoft Visual Studio Solution File, Format Version 12.00
# Visual Studio 15
VisualStudioVersion = 15.0.26730.16
MinimumVisualStudioVersion = 10.0.40219.1
Project("{2150E333-8FDC-42A3-9474-1A3956D46DE8}") = "Solution Items", "Solution Items", "{839A588F-BFF8-4B49-BD50-235245F9B16A}"
	ProjectSection(SolutionItems) = preProject
		.editorconfig = .editorconfig
		src\Directory.build.props = src\Directory.build.props
	EndProjectSection
EndProject
Project("{9A19103F-16F7-4668-BE54-9A1E7A4F7556}") = "Untech.Practices.Collections", "src\Untech.Practices.Collections\Untech.Practices.Collections.csproj", "{9E8D6A84-28EC-4DDB-B70F-93A9000C636E}"
EndProject
Project("{9A19103F-16F7-4668-BE54-9A1E7A4F7556}") = "Untech.Practices.Collections.Tests", "test\Untech.Practices.Collections.Tests\Untech.Practices.Collections.Tests.csproj", "{E948DB73-4DF6-438D-9818-2A03B6EE991B}"
EndProject
Project("{9A19103F-16F7-4668-BE54-9A1E7A4F7556}") = "Untech.Practices.CQRS.Tests", "test\Untech.Practices.CQRS.Tests\Untech.Practices.CQRS.Tests.csproj", "{DB5062AD-22D9-4236-849A-B4944B83149B}"
EndProject
Project("{9A19103F-16F7-4668-BE54-9A1E7A4F7556}") = "Untech.Practices.Core", "src\Untech.Practices.Core\Untech.Practices.Core.csproj", "{5C81ED62-14F7-49BA-8024-E92374B125C2}"
EndProject
Project("{9A19103F-16F7-4668-BE54-9A1E7A4F7556}") = "Untech.Practices.Monads", "src\Untech.Practices.Monads\Untech.Practices.Monads.csproj", "{26B4747B-713B-42CA-AF28-FA003C40E099}"
EndProject
Project("{9A19103F-16F7-4668-BE54-9A1E7A4F7556}") = "Untech.Practices.CQRS.Abstractions", "src\Untech.Practices.CQRS.Abstractions\Untech.Practices.CQRS.Abstractions.csproj", "{32B9F698-6A79-44B6-BA6B-CC1EE821A1A8}"
EndProject
Project("{9A19103F-16F7-4668-BE54-9A1E7A4F7556}") = "Untech.Practices.DataStorage.Abstractions", "src\Untech.Practices.DataStorage.Abstractions\Untech.Practices.DataStorage.Abstractions.csproj", "{F17CBCEA-5F17-4CBE-B6D3-D64CE84F5E91}"
EndProject
Project("{9A19103F-16F7-4668-BE54-9A1E7A4F7556}") = "Untech.Practices.DataStorage.Cache.Abstractions", "src\Untech.Practices.DataStorage.Cache.Abstractions\Untech.Practices.DataStorage.Cache.Abstractions.csproj", "{C8E625B7-3F98-4897-B7A2-99D79F9F3A12}"
EndProject
Project("{9A19103F-16F7-4668-BE54-9A1E7A4F7556}") = "Untech.Practices.ObjectMapping.Abstractions", "src\Untech.Practices.ObjectMapping.Abstractions\Untech.Practices.ObjectMapping.Abstractions.csproj", "{EFC54E73-51C6-49F2-AAED-6B2AD4621113}"
EndProject
Project("{9A19103F-16F7-4668-BE54-9A1E7A4F7556}") = "Untech.Practices.Concurrency.Abstractions", "src\Untech.Practices.Concurrency.Abstractions\Untech.Practices.Concurrency.Abstractions.csproj", "{F84C33F2-B6EE-404F-BF52-A9426E65AB2C}"
EndProject
Project("{2150E333-8FDC-42A3-9474-1A3956D46DE8}") = "src", "src", "{42CBEFB1-3495-4210-84AE-9568A1FA9F7C}"
EndProject
Project("{2150E333-8FDC-42A3-9474-1A3956D46DE8}") = "test", "test", "{65F2AE98-A9A2-472C-BD22-A58DBD451E12}"
EndProject
Project("{9A19103F-16F7-4668-BE54-9A1E7A4F7556}") = "Untech.Practices.CQRS", "src\Untech.Practices.CQRS\Untech.Practices.CQRS.csproj", "{57CC5677-7552-4786-83FE-3E5AB83F4185}"
EndProject
Project("{FAE04EC0-301F-11D3-BF4B-00C04F79EFBC}") = "Untech.Practices.Core.Tests", "test\Untech.Practices.Core.Tests\Untech.Practices.Core.Tests.csproj", "{0CB16CFB-03FB-4C63-A3AC-C07DEE420677}"
EndProject
Project("{FAE04EC0-301F-11D3-BF4B-00C04F79EFBC}") = "Untech.Practices.UserContext.Abstractions", "src\Untech.Practices.UserContext.Abstractions\Untech.Practices.UserContext.Abstractions.csproj", "{659A4B06-328F-4D4B-983E-4D7D0E6406B7}"
EndProject
Project("{FAE04EC0-301F-11D3-BF4B-00C04F79EFBC}") = "Untech.Practices.TenantContext.Abstractions", "src\Untech.Practices.TenantContext.Abstractions\Untech.Practices.TenantContext.Abstractions.csproj", "{19AA8B65-3898-4A6D-B679-1FAE744AD1B3}"
EndProject
Project("{FAE04EC0-301F-11D3-BF4B-00C04F79EFBC}") = "Untech.Practices.Localization.Abstractions", "src\Untech.Practices.Localization.Abstractions\Untech.Practices.Localization.Abstractions.csproj", "{1102B920-C03A-49E9-BB4E-6CB7FF5A0144}"
EndProject
Project("{FAE04EC0-301F-11D3-BF4B-00C04F79EFBC}") = "Untech.Practices.Notifications.Mail", "src\Untech.Practices.Notifications.Mail\Untech.Practices.Notifications.Mail.csproj", "{8D2B7C7E-2369-4617-9A42-5467FA0C10AE}"
EndProject
Project("{FAE04EC0-301F-11D3-BF4B-00C04F79EFBC}") = "Untech.Practices.Notifications.Abstractions", "src\Untech.Practices.Notifications.Abstractions\Untech.Practices.Notifications.Abstractions.csproj", "{96307B56-C3EE-4904-AA01-24C313DD1148}"
EndProject
Project("{2150E333-8FDC-42A3-9474-1A3956D46DE8}") = "examples", "examples", "{4E99F444-23AA-49EE-AEF7-C2D11FFADD51}"
EndProject
Project("{FAE04EC0-301F-11D3-BF4B-00C04F79EFBC}") = "MyBookList.Domain", "examples\MyBookList.Domain\MyBookList.Domain.csproj", "{61DE2448-B371-4979-B896-4B13BB2FFDE8}"
EndProject
Project("{FAE04EC0-301F-11D3-BF4B-00C04F79EFBC}") = "MyBudgetPlan.Domain", "examples\MyBudgetPlan.Domain\MyBudgetPlan.Domain.csproj", "{4FBCF7DB-5C77-4874-8B7A-DD6C4BD9F2EB}"
EndProject
Project("{FAE04EC0-301F-11D3-BF4B-00C04F79EFBC}") = "MyBudgetPlan.Infrastructure", "examples\MyBudgetPlan.Infrastructure\MyBudgetPlan.Infrastructure.csproj", "{615482AD-0E78-42B2-868C-F2EB8A91723B}"
EndProject
Project("{FAE04EC0-301F-11D3-BF4B-00C04F79EFBC}") = "MyBookList.Infrastructure", "examples\MyBookList.Infrastructure\MyBookList.Infrastructure.csproj", "{83B5CEF5-4B84-4E70-B44B-8C470A6EB0E1}"
EndProject
Project("{FAE04EC0-301F-11D3-BF4B-00C04F79EFBC}") = "MyParcels.Domain", "examples\MyParcels.Domain\MyParcels.Domain.csproj", "{F9D4F375-5D14-4708-B15B-A81A0C1BF2DB}"
EndProject
Project("{FAE04EC0-301F-11D3-BF4B-00C04F79EFBC}") = "MyParcels.Infrastructure", "examples\MyParcels.Infrastructure\MyParcels.Infrastructure.csproj", "{B54E0F04-9580-4311-A6BA-DB8ED1652D77}"
EndProject
Project("{FAE04EC0-301F-11D3-BF4B-00C04F79EFBC}") = "Shared.Infrastructure", "examples\Shared.Infrastructure\Shared.Infrastructure.csproj", "{CB441B0E-395C-44AF-8D96-C2238F319545}"
EndProject
Project("{FAE04EC0-301F-11D3-BF4B-00C04F79EFBC}") = "AsyncJob.Run", "examples\AsyncJob.Run\AsyncJob.Run.csproj", "{CC4AA812-99B7-4056-8505-0EC2E5728C7B}"
EndProject
Project("{FAE04EC0-301F-11D3-BF4B-00C04F79EFBC}") = "Untech.AsyncJob.Abstractions", "src\Untech.AsyncJob.Abstractions\Untech.AsyncJob.Abstractions.csproj", "{825CCB7E-12B7-4F50-87FD-89C22A4F1DDA}"
EndProject
Project("{FAE04EC0-301F-11D3-BF4B-00C04F79EFBC}") = "Untech.AsyncJob.Engine", "src\Untech.AsyncJob.Engine\Untech.AsyncJob.Engine.csproj", "{32F3CB58-04D3-4398-B449-47512D139972}"
EndProject
Project("{FAE04EC0-301F-11D3-BF4B-00C04F79EFBC}") = "Untech.AsyncJob.Tests", "test\Untech.AsyncJob.Tests\Untech.AsyncJob.Tests.csproj", "{322D4D45-E3FA-4EED-8076-0C87E07B3DE0}"
EndProject
Project("{FAE04EC0-301F-11D3-BF4B-00C04F79EFBC}") = "Untech.AsyncJob.Features.SimpleInjector", "src\Untech.AsyncJob.Features.SimpleInjector\Untech.AsyncJob.Features.SimpleInjector.csproj", "{2E8C8794-A757-4A97-9418-20A03A13DB8C}"
EndProject
Project("{FAE04EC0-301F-11D3-BF4B-00C04F79EFBC}") = "Untech.AsyncJob.Transports.Scheduled", "src\Untech.AsyncJob.Transports.Scheduled\Untech.AsyncJob.Transports.Scheduled.csproj", "{0470D5CE-DB71-4077-943A-7DE31F697039}"
EndProject
Project("{FAE04EC0-301F-11D3-BF4B-00C04F79EFBC}") = "Untech.AsyncJob.Features.CQRS", "src\Untech.AsyncJob.Features.CQRS\Untech.AsyncJob.Features.CQRS.csproj", "{F12AB52C-60F3-416A-BA03-E3628FBDB69F}"
EndProject
Project("{FAE04EC0-301F-11D3-BF4B-00C04F79EFBC}") = "Untech.Practices.DataStorage.Linq2Db", "src\Untech.Practices.DataStorage.Linq2Db\Untech.Practices.DataStorage.Linq2Db.csproj", "{D1FE84C1-85F0-4CBB-B7C4-B3CBD2B49822}"
EndProject
Project("{FAE04EC0-301F-11D3-BF4B-00C04F79EFBC}") = "Untech.Practices.DataStorage.Cache.Linq2Db", "src\Untech.Practices.DataStorage.Cache.Linq2Db\Untech.Practices.DataStorage.Cache.Linq2Db.csproj", "{B434456D-7A68-4197-955A-64C26836F270}"
EndProject
Project("{FAE04EC0-301F-11D3-BF4B-00C04F79EFBC}") = "Untech.Practices.DataStorage.Tests", "test\Untech.Practices.DataStorage.Tests\Untech.Practices.DataStorage.Tests.csproj", "{14462AA0-6140-45DB-B2D4-70EEE35CB661}"
EndProject
Project("{FAE04EC0-301F-11D3-BF4B-00C04F79EFBC}") = "Untech.AsyncJob.Transports.InProcess", "src\Untech.AsyncJob.Transports.InProcess\Untech.AsyncJob.Transports.InProcess.csproj", "{C34401F8-517B-4661-AEFA-7A6DDF22ACE4}"
EndProject
Project("{2150E333-8FDC-42A3-9474-1A3956D46DE8}") = "tools", "tools", "{A2EE5529-D52D-42CA-A2D3-B3E080838B93}"
EndProject
Project("{2150E333-8FDC-42A3-9474-1A3956D46DE8}") = "src", "src", "{A2167922-9EC1-4023-9F79-A56F937F5E2E}"
EndProject
Project("{FAE04EC0-301F-11D3-BF4B-00C04F79EFBC}") = "DependencyDotNet", "tools\src\DependencyDotNet\DependencyDotNet.csproj", "{FFCD7254-132B-4947-9146-43E608E5699F}"
EndProject
Global
	GlobalSection(SolutionConfigurationPlatforms) = preSolution
		Debug|Any CPU = Debug|Any CPU
		Debug|x64 = Debug|x64
		Debug|x86 = Debug|x86
		Release|Any CPU = Release|Any CPU
		Release|x64 = Release|x64
		Release|x86 = Release|x86
	EndGlobalSection
	GlobalSection(ProjectConfigurationPlatforms) = postSolution
		{9E8D6A84-28EC-4DDB-B70F-93A9000C636E}.Debug|Any CPU.ActiveCfg = Debug|Any CPU
		{9E8D6A84-28EC-4DDB-B70F-93A9000C636E}.Debug|Any CPU.Build.0 = Debug|Any CPU
		{9E8D6A84-28EC-4DDB-B70F-93A9000C636E}.Debug|x64.ActiveCfg = Debug|Any CPU
		{9E8D6A84-28EC-4DDB-B70F-93A9000C636E}.Debug|x64.Build.0 = Debug|Any CPU
		{9E8D6A84-28EC-4DDB-B70F-93A9000C636E}.Debug|x86.ActiveCfg = Debug|Any CPU
		{9E8D6A84-28EC-4DDB-B70F-93A9000C636E}.Debug|x86.Build.0 = Debug|Any CPU
		{9E8D6A84-28EC-4DDB-B70F-93A9000C636E}.Release|Any CPU.ActiveCfg = Release|Any CPU
		{9E8D6A84-28EC-4DDB-B70F-93A9000C636E}.Release|Any CPU.Build.0 = Release|Any CPU
		{9E8D6A84-28EC-4DDB-B70F-93A9000C636E}.Release|x64.ActiveCfg = Release|Any CPU
		{9E8D6A84-28EC-4DDB-B70F-93A9000C636E}.Release|x64.Build.0 = Release|Any CPU
		{9E8D6A84-28EC-4DDB-B70F-93A9000C636E}.Release|x86.ActiveCfg = Release|Any CPU
		{9E8D6A84-28EC-4DDB-B70F-93A9000C636E}.Release|x86.Build.0 = Release|Any CPU
		{E948DB73-4DF6-438D-9818-2A03B6EE991B}.Debug|Any CPU.ActiveCfg = Debug|Any CPU
		{E948DB73-4DF6-438D-9818-2A03B6EE991B}.Debug|Any CPU.Build.0 = Debug|Any CPU
		{E948DB73-4DF6-438D-9818-2A03B6EE991B}.Debug|x64.ActiveCfg = Debug|Any CPU
		{E948DB73-4DF6-438D-9818-2A03B6EE991B}.Debug|x64.Build.0 = Debug|Any CPU
		{E948DB73-4DF6-438D-9818-2A03B6EE991B}.Debug|x86.ActiveCfg = Debug|Any CPU
		{E948DB73-4DF6-438D-9818-2A03B6EE991B}.Debug|x86.Build.0 = Debug|Any CPU
		{E948DB73-4DF6-438D-9818-2A03B6EE991B}.Release|Any CPU.ActiveCfg = Release|Any CPU
		{E948DB73-4DF6-438D-9818-2A03B6EE991B}.Release|Any CPU.Build.0 = Release|Any CPU
		{E948DB73-4DF6-438D-9818-2A03B6EE991B}.Release|x64.ActiveCfg = Release|Any CPU
		{E948DB73-4DF6-438D-9818-2A03B6EE991B}.Release|x64.Build.0 = Release|Any CPU
		{E948DB73-4DF6-438D-9818-2A03B6EE991B}.Release|x86.ActiveCfg = Release|Any CPU
		{E948DB73-4DF6-438D-9818-2A03B6EE991B}.Release|x86.Build.0 = Release|Any CPU
		{DB5062AD-22D9-4236-849A-B4944B83149B}.Debug|Any CPU.ActiveCfg = Debug|Any CPU
		{DB5062AD-22D9-4236-849A-B4944B83149B}.Debug|Any CPU.Build.0 = Debug|Any CPU
		{DB5062AD-22D9-4236-849A-B4944B83149B}.Debug|x64.ActiveCfg = Debug|Any CPU
		{DB5062AD-22D9-4236-849A-B4944B83149B}.Debug|x64.Build.0 = Debug|Any CPU
		{DB5062AD-22D9-4236-849A-B4944B83149B}.Debug|x86.ActiveCfg = Debug|Any CPU
		{DB5062AD-22D9-4236-849A-B4944B83149B}.Debug|x86.Build.0 = Debug|Any CPU
		{DB5062AD-22D9-4236-849A-B4944B83149B}.Release|Any CPU.ActiveCfg = Release|Any CPU
		{DB5062AD-22D9-4236-849A-B4944B83149B}.Release|Any CPU.Build.0 = Release|Any CPU
		{DB5062AD-22D9-4236-849A-B4944B83149B}.Release|x64.ActiveCfg = Release|Any CPU
		{DB5062AD-22D9-4236-849A-B4944B83149B}.Release|x64.Build.0 = Release|Any CPU
		{DB5062AD-22D9-4236-849A-B4944B83149B}.Release|x86.ActiveCfg = Release|Any CPU
		{DB5062AD-22D9-4236-849A-B4944B83149B}.Release|x86.Build.0 = Release|Any CPU
		{5C81ED62-14F7-49BA-8024-E92374B125C2}.Debug|Any CPU.ActiveCfg = Debug|Any CPU
		{5C81ED62-14F7-49BA-8024-E92374B125C2}.Debug|Any CPU.Build.0 = Debug|Any CPU
		{5C81ED62-14F7-49BA-8024-E92374B125C2}.Debug|x64.ActiveCfg = Debug|Any CPU
		{5C81ED62-14F7-49BA-8024-E92374B125C2}.Debug|x64.Build.0 = Debug|Any CPU
		{5C81ED62-14F7-49BA-8024-E92374B125C2}.Debug|x86.ActiveCfg = Debug|Any CPU
		{5C81ED62-14F7-49BA-8024-E92374B125C2}.Debug|x86.Build.0 = Debug|Any CPU
		{5C81ED62-14F7-49BA-8024-E92374B125C2}.Release|Any CPU.ActiveCfg = Release|Any CPU
		{5C81ED62-14F7-49BA-8024-E92374B125C2}.Release|Any CPU.Build.0 = Release|Any CPU
		{5C81ED62-14F7-49BA-8024-E92374B125C2}.Release|x64.ActiveCfg = Release|Any CPU
		{5C81ED62-14F7-49BA-8024-E92374B125C2}.Release|x64.Build.0 = Release|Any CPU
		{5C81ED62-14F7-49BA-8024-E92374B125C2}.Release|x86.ActiveCfg = Release|Any CPU
		{5C81ED62-14F7-49BA-8024-E92374B125C2}.Release|x86.Build.0 = Release|Any CPU
		{26B4747B-713B-42CA-AF28-FA003C40E099}.Debug|Any CPU.ActiveCfg = Debug|Any CPU
		{26B4747B-713B-42CA-AF28-FA003C40E099}.Debug|Any CPU.Build.0 = Debug|Any CPU
		{26B4747B-713B-42CA-AF28-FA003C40E099}.Debug|x64.ActiveCfg = Debug|Any CPU
		{26B4747B-713B-42CA-AF28-FA003C40E099}.Debug|x64.Build.0 = Debug|Any CPU
		{26B4747B-713B-42CA-AF28-FA003C40E099}.Debug|x86.ActiveCfg = Debug|Any CPU
		{26B4747B-713B-42CA-AF28-FA003C40E099}.Debug|x86.Build.0 = Debug|Any CPU
		{26B4747B-713B-42CA-AF28-FA003C40E099}.Release|Any CPU.ActiveCfg = Release|Any CPU
		{26B4747B-713B-42CA-AF28-FA003C40E099}.Release|Any CPU.Build.0 = Release|Any CPU
		{26B4747B-713B-42CA-AF28-FA003C40E099}.Release|x64.ActiveCfg = Release|Any CPU
		{26B4747B-713B-42CA-AF28-FA003C40E099}.Release|x64.Build.0 = Release|Any CPU
		{26B4747B-713B-42CA-AF28-FA003C40E099}.Release|x86.ActiveCfg = Release|Any CPU
		{26B4747B-713B-42CA-AF28-FA003C40E099}.Release|x86.Build.0 = Release|Any CPU
		{32B9F698-6A79-44B6-BA6B-CC1EE821A1A8}.Debug|Any CPU.ActiveCfg = Debug|Any CPU
		{32B9F698-6A79-44B6-BA6B-CC1EE821A1A8}.Debug|Any CPU.Build.0 = Debug|Any CPU
		{32B9F698-6A79-44B6-BA6B-CC1EE821A1A8}.Debug|x64.ActiveCfg = Debug|Any CPU
		{32B9F698-6A79-44B6-BA6B-CC1EE821A1A8}.Debug|x64.Build.0 = Debug|Any CPU
		{32B9F698-6A79-44B6-BA6B-CC1EE821A1A8}.Debug|x86.ActiveCfg = Debug|Any CPU
		{32B9F698-6A79-44B6-BA6B-CC1EE821A1A8}.Debug|x86.Build.0 = Debug|Any CPU
		{32B9F698-6A79-44B6-BA6B-CC1EE821A1A8}.Release|Any CPU.ActiveCfg = Release|Any CPU
		{32B9F698-6A79-44B6-BA6B-CC1EE821A1A8}.Release|Any CPU.Build.0 = Release|Any CPU
		{32B9F698-6A79-44B6-BA6B-CC1EE821A1A8}.Release|x64.ActiveCfg = Release|Any CPU
		{32B9F698-6A79-44B6-BA6B-CC1EE821A1A8}.Release|x64.Build.0 = Release|Any CPU
		{32B9F698-6A79-44B6-BA6B-CC1EE821A1A8}.Release|x86.ActiveCfg = Release|Any CPU
		{32B9F698-6A79-44B6-BA6B-CC1EE821A1A8}.Release|x86.Build.0 = Release|Any CPU
		{F17CBCEA-5F17-4CBE-B6D3-D64CE84F5E91}.Debug|Any CPU.ActiveCfg = Debug|Any CPU
		{F17CBCEA-5F17-4CBE-B6D3-D64CE84F5E91}.Debug|Any CPU.Build.0 = Debug|Any CPU
		{F17CBCEA-5F17-4CBE-B6D3-D64CE84F5E91}.Debug|x64.ActiveCfg = Debug|Any CPU
		{F17CBCEA-5F17-4CBE-B6D3-D64CE84F5E91}.Debug|x64.Build.0 = Debug|Any CPU
		{F17CBCEA-5F17-4CBE-B6D3-D64CE84F5E91}.Debug|x86.ActiveCfg = Debug|Any CPU
		{F17CBCEA-5F17-4CBE-B6D3-D64CE84F5E91}.Debug|x86.Build.0 = Debug|Any CPU
		{F17CBCEA-5F17-4CBE-B6D3-D64CE84F5E91}.Release|Any CPU.ActiveCfg = Release|Any CPU
		{F17CBCEA-5F17-4CBE-B6D3-D64CE84F5E91}.Release|Any CPU.Build.0 = Release|Any CPU
		{F17CBCEA-5F17-4CBE-B6D3-D64CE84F5E91}.Release|x64.ActiveCfg = Release|Any CPU
		{F17CBCEA-5F17-4CBE-B6D3-D64CE84F5E91}.Release|x64.Build.0 = Release|Any CPU
		{F17CBCEA-5F17-4CBE-B6D3-D64CE84F5E91}.Release|x86.ActiveCfg = Release|Any CPU
		{F17CBCEA-5F17-4CBE-B6D3-D64CE84F5E91}.Release|x86.Build.0 = Release|Any CPU
		{C8E625B7-3F98-4897-B7A2-99D79F9F3A12}.Debug|Any CPU.ActiveCfg = Debug|Any CPU
		{C8E625B7-3F98-4897-B7A2-99D79F9F3A12}.Debug|Any CPU.Build.0 = Debug|Any CPU
		{C8E625B7-3F98-4897-B7A2-99D79F9F3A12}.Debug|x64.ActiveCfg = Debug|Any CPU
		{C8E625B7-3F98-4897-B7A2-99D79F9F3A12}.Debug|x64.Build.0 = Debug|Any CPU
		{C8E625B7-3F98-4897-B7A2-99D79F9F3A12}.Debug|x86.ActiveCfg = Debug|Any CPU
		{C8E625B7-3F98-4897-B7A2-99D79F9F3A12}.Debug|x86.Build.0 = Debug|Any CPU
		{C8E625B7-3F98-4897-B7A2-99D79F9F3A12}.Release|Any CPU.ActiveCfg = Release|Any CPU
		{C8E625B7-3F98-4897-B7A2-99D79F9F3A12}.Release|Any CPU.Build.0 = Release|Any CPU
		{C8E625B7-3F98-4897-B7A2-99D79F9F3A12}.Release|x64.ActiveCfg = Release|Any CPU
		{C8E625B7-3F98-4897-B7A2-99D79F9F3A12}.Release|x64.Build.0 = Release|Any CPU
		{C8E625B7-3F98-4897-B7A2-99D79F9F3A12}.Release|x86.ActiveCfg = Release|Any CPU
		{C8E625B7-3F98-4897-B7A2-99D79F9F3A12}.Release|x86.Build.0 = Release|Any CPU
		{EFC54E73-51C6-49F2-AAED-6B2AD4621113}.Debug|Any CPU.ActiveCfg = Debug|Any CPU
		{EFC54E73-51C6-49F2-AAED-6B2AD4621113}.Debug|Any CPU.Build.0 = Debug|Any CPU
		{EFC54E73-51C6-49F2-AAED-6B2AD4621113}.Debug|x64.ActiveCfg = Debug|Any CPU
		{EFC54E73-51C6-49F2-AAED-6B2AD4621113}.Debug|x64.Build.0 = Debug|Any CPU
		{EFC54E73-51C6-49F2-AAED-6B2AD4621113}.Debug|x86.ActiveCfg = Debug|Any CPU
		{EFC54E73-51C6-49F2-AAED-6B2AD4621113}.Debug|x86.Build.0 = Debug|Any CPU
		{EFC54E73-51C6-49F2-AAED-6B2AD4621113}.Release|Any CPU.ActiveCfg = Release|Any CPU
		{EFC54E73-51C6-49F2-AAED-6B2AD4621113}.Release|Any CPU.Build.0 = Release|Any CPU
		{EFC54E73-51C6-49F2-AAED-6B2AD4621113}.Release|x64.ActiveCfg = Release|Any CPU
		{EFC54E73-51C6-49F2-AAED-6B2AD4621113}.Release|x64.Build.0 = Release|Any CPU
		{EFC54E73-51C6-49F2-AAED-6B2AD4621113}.Release|x86.ActiveCfg = Release|Any CPU
		{EFC54E73-51C6-49F2-AAED-6B2AD4621113}.Release|x86.Build.0 = Release|Any CPU
		{F84C33F2-B6EE-404F-BF52-A9426E65AB2C}.Debug|Any CPU.ActiveCfg = Debug|Any CPU
		{F84C33F2-B6EE-404F-BF52-A9426E65AB2C}.Debug|Any CPU.Build.0 = Debug|Any CPU
		{F84C33F2-B6EE-404F-BF52-A9426E65AB2C}.Debug|x64.ActiveCfg = Debug|Any CPU
		{F84C33F2-B6EE-404F-BF52-A9426E65AB2C}.Debug|x64.Build.0 = Debug|Any CPU
		{F84C33F2-B6EE-404F-BF52-A9426E65AB2C}.Debug|x86.ActiveCfg = Debug|Any CPU
		{F84C33F2-B6EE-404F-BF52-A9426E65AB2C}.Debug|x86.Build.0 = Debug|Any CPU
		{F84C33F2-B6EE-404F-BF52-A9426E65AB2C}.Release|Any CPU.ActiveCfg = Release|Any CPU
		{F84C33F2-B6EE-404F-BF52-A9426E65AB2C}.Release|Any CPU.Build.0 = Release|Any CPU
		{F84C33F2-B6EE-404F-BF52-A9426E65AB2C}.Release|x64.ActiveCfg = Release|Any CPU
		{F84C33F2-B6EE-404F-BF52-A9426E65AB2C}.Release|x64.Build.0 = Release|Any CPU
		{F84C33F2-B6EE-404F-BF52-A9426E65AB2C}.Release|x86.ActiveCfg = Release|Any CPU
		{F84C33F2-B6EE-404F-BF52-A9426E65AB2C}.Release|x86.Build.0 = Release|Any CPU
		{1102B920-C03A-49E9-BB4E-6CB7FF5A0144}.Debug|Any CPU.ActiveCfg = Debug|Any CPU
		{1102B920-C03A-49E9-BB4E-6CB7FF5A0144}.Debug|Any CPU.Build.0 = Debug|Any CPU
		{1102B920-C03A-49E9-BB4E-6CB7FF5A0144}.Debug|x64.ActiveCfg = Debug|Any CPU
		{1102B920-C03A-49E9-BB4E-6CB7FF5A0144}.Debug|x64.Build.0 = Debug|Any CPU
		{1102B920-C03A-49E9-BB4E-6CB7FF5A0144}.Debug|x86.ActiveCfg = Debug|Any CPU
		{1102B920-C03A-49E9-BB4E-6CB7FF5A0144}.Debug|x86.Build.0 = Debug|Any CPU
		{1102B920-C03A-49E9-BB4E-6CB7FF5A0144}.Release|Any CPU.ActiveCfg = Release|Any CPU
		{1102B920-C03A-49E9-BB4E-6CB7FF5A0144}.Release|Any CPU.Build.0 = Release|Any CPU
		{1102B920-C03A-49E9-BB4E-6CB7FF5A0144}.Release|x64.ActiveCfg = Release|Any CPU
		{1102B920-C03A-49E9-BB4E-6CB7FF5A0144}.Release|x64.Build.0 = Release|Any CPU
		{1102B920-C03A-49E9-BB4E-6CB7FF5A0144}.Release|x86.ActiveCfg = Release|Any CPU
		{1102B920-C03A-49E9-BB4E-6CB7FF5A0144}.Release|x86.Build.0 = Release|Any CPU
		{57CC5677-7552-4786-83FE-3E5AB83F4185}.Debug|Any CPU.ActiveCfg = Debug|Any CPU
		{57CC5677-7552-4786-83FE-3E5AB83F4185}.Debug|Any CPU.Build.0 = Debug|Any CPU
		{57CC5677-7552-4786-83FE-3E5AB83F4185}.Debug|x64.ActiveCfg = Debug|Any CPU
		{57CC5677-7552-4786-83FE-3E5AB83F4185}.Debug|x64.Build.0 = Debug|Any CPU
		{57CC5677-7552-4786-83FE-3E5AB83F4185}.Debug|x86.ActiveCfg = Debug|Any CPU
		{57CC5677-7552-4786-83FE-3E5AB83F4185}.Debug|x86.Build.0 = Debug|Any CPU
		{57CC5677-7552-4786-83FE-3E5AB83F4185}.Release|Any CPU.ActiveCfg = Release|Any CPU
		{57CC5677-7552-4786-83FE-3E5AB83F4185}.Release|Any CPU.Build.0 = Release|Any CPU
		{57CC5677-7552-4786-83FE-3E5AB83F4185}.Release|x64.ActiveCfg = Release|Any CPU
		{57CC5677-7552-4786-83FE-3E5AB83F4185}.Release|x64.Build.0 = Release|Any CPU
		{57CC5677-7552-4786-83FE-3E5AB83F4185}.Release|x86.ActiveCfg = Release|Any CPU
		{57CC5677-7552-4786-83FE-3E5AB83F4185}.Release|x86.Build.0 = Release|Any CPU
		{0CB16CFB-03FB-4C63-A3AC-C07DEE420677}.Debug|Any CPU.ActiveCfg = Debug|Any CPU
		{0CB16CFB-03FB-4C63-A3AC-C07DEE420677}.Debug|Any CPU.Build.0 = Debug|Any CPU
		{0CB16CFB-03FB-4C63-A3AC-C07DEE420677}.Debug|x64.ActiveCfg = Debug|Any CPU
		{0CB16CFB-03FB-4C63-A3AC-C07DEE420677}.Debug|x64.Build.0 = Debug|Any CPU
		{0CB16CFB-03FB-4C63-A3AC-C07DEE420677}.Debug|x86.ActiveCfg = Debug|Any CPU
		{0CB16CFB-03FB-4C63-A3AC-C07DEE420677}.Debug|x86.Build.0 = Debug|Any CPU
		{0CB16CFB-03FB-4C63-A3AC-C07DEE420677}.Release|Any CPU.ActiveCfg = Release|Any CPU
		{0CB16CFB-03FB-4C63-A3AC-C07DEE420677}.Release|Any CPU.Build.0 = Release|Any CPU
		{0CB16CFB-03FB-4C63-A3AC-C07DEE420677}.Release|x64.ActiveCfg = Release|Any CPU
		{0CB16CFB-03FB-4C63-A3AC-C07DEE420677}.Release|x64.Build.0 = Release|Any CPU
		{0CB16CFB-03FB-4C63-A3AC-C07DEE420677}.Release|x86.ActiveCfg = Release|Any CPU
		{0CB16CFB-03FB-4C63-A3AC-C07DEE420677}.Release|x86.Build.0 = Release|Any CPU
		{659A4B06-328F-4D4B-983E-4D7D0E6406B7}.Debug|Any CPU.ActiveCfg = Debug|Any CPU
		{659A4B06-328F-4D4B-983E-4D7D0E6406B7}.Debug|Any CPU.Build.0 = Debug|Any CPU
		{659A4B06-328F-4D4B-983E-4D7D0E6406B7}.Release|Any CPU.ActiveCfg = Release|Any CPU
		{659A4B06-328F-4D4B-983E-4D7D0E6406B7}.Release|Any CPU.Build.0 = Release|Any CPU
		{19AA8B65-3898-4A6D-B679-1FAE744AD1B3}.Debug|Any CPU.ActiveCfg = Debug|Any CPU
		{19AA8B65-3898-4A6D-B679-1FAE744AD1B3}.Debug|Any CPU.Build.0 = Debug|Any CPU
		{19AA8B65-3898-4A6D-B679-1FAE744AD1B3}.Release|Any CPU.ActiveCfg = Release|Any CPU
		{19AA8B65-3898-4A6D-B679-1FAE744AD1B3}.Release|Any CPU.Build.0 = Release|Any CPU
		{8D2B7C7E-2369-4617-9A42-5467FA0C10AE}.Debug|Any CPU.ActiveCfg = Debug|Any CPU
		{8D2B7C7E-2369-4617-9A42-5467FA0C10AE}.Debug|Any CPU.Build.0 = Debug|Any CPU
		{8D2B7C7E-2369-4617-9A42-5467FA0C10AE}.Release|Any CPU.ActiveCfg = Release|Any CPU
		{8D2B7C7E-2369-4617-9A42-5467FA0C10AE}.Release|Any CPU.Build.0 = Release|Any CPU
		{96307B56-C3EE-4904-AA01-24C313DD1148}.Debug|Any CPU.ActiveCfg = Debug|Any CPU
		{96307B56-C3EE-4904-AA01-24C313DD1148}.Debug|Any CPU.Build.0 = Debug|Any CPU
		{96307B56-C3EE-4904-AA01-24C313DD1148}.Release|Any CPU.ActiveCfg = Release|Any CPU
		{96307B56-C3EE-4904-AA01-24C313DD1148}.Release|Any CPU.Build.0 = Release|Any CPU
		{61DE2448-B371-4979-B896-4B13BB2FFDE8}.Debug|Any CPU.ActiveCfg = Debug|Any CPU
		{61DE2448-B371-4979-B896-4B13BB2FFDE8}.Debug|Any CPU.Build.0 = Debug|Any CPU
		{61DE2448-B371-4979-B896-4B13BB2FFDE8}.Debug|x64.ActiveCfg = Debug|Any CPU
		{61DE2448-B371-4979-B896-4B13BB2FFDE8}.Debug|x64.Build.0 = Debug|Any CPU
		{61DE2448-B371-4979-B896-4B13BB2FFDE8}.Debug|x86.ActiveCfg = Debug|Any CPU
		{61DE2448-B371-4979-B896-4B13BB2FFDE8}.Debug|x86.Build.0 = Debug|Any CPU
		{61DE2448-B371-4979-B896-4B13BB2FFDE8}.Release|Any CPU.ActiveCfg = Release|Any CPU
		{61DE2448-B371-4979-B896-4B13BB2FFDE8}.Release|Any CPU.Build.0 = Release|Any CPU
		{61DE2448-B371-4979-B896-4B13BB2FFDE8}.Release|x64.ActiveCfg = Release|Any CPU
		{61DE2448-B371-4979-B896-4B13BB2FFDE8}.Release|x64.Build.0 = Release|Any CPU
		{61DE2448-B371-4979-B896-4B13BB2FFDE8}.Release|x86.ActiveCfg = Release|Any CPU
		{61DE2448-B371-4979-B896-4B13BB2FFDE8}.Release|x86.Build.0 = Release|Any CPU
		{4FBCF7DB-5C77-4874-8B7A-DD6C4BD9F2EB}.Debug|Any CPU.ActiveCfg = Debug|Any CPU
		{4FBCF7DB-5C77-4874-8B7A-DD6C4BD9F2EB}.Debug|Any CPU.Build.0 = Debug|Any CPU
		{4FBCF7DB-5C77-4874-8B7A-DD6C4BD9F2EB}.Debug|x64.ActiveCfg = Debug|Any CPU
		{4FBCF7DB-5C77-4874-8B7A-DD6C4BD9F2EB}.Debug|x64.Build.0 = Debug|Any CPU
		{4FBCF7DB-5C77-4874-8B7A-DD6C4BD9F2EB}.Debug|x86.ActiveCfg = Debug|Any CPU
		{4FBCF7DB-5C77-4874-8B7A-DD6C4BD9F2EB}.Debug|x86.Build.0 = Debug|Any CPU
		{4FBCF7DB-5C77-4874-8B7A-DD6C4BD9F2EB}.Release|Any CPU.ActiveCfg = Release|Any CPU
		{4FBCF7DB-5C77-4874-8B7A-DD6C4BD9F2EB}.Release|Any CPU.Build.0 = Release|Any CPU
		{4FBCF7DB-5C77-4874-8B7A-DD6C4BD9F2EB}.Release|x64.ActiveCfg = Release|Any CPU
		{4FBCF7DB-5C77-4874-8B7A-DD6C4BD9F2EB}.Release|x64.Build.0 = Release|Any CPU
		{4FBCF7DB-5C77-4874-8B7A-DD6C4BD9F2EB}.Release|x86.ActiveCfg = Release|Any CPU
		{4FBCF7DB-5C77-4874-8B7A-DD6C4BD9F2EB}.Release|x86.Build.0 = Release|Any CPU
		{615482AD-0E78-42B2-868C-F2EB8A91723B}.Debug|Any CPU.ActiveCfg = Debug|Any CPU
		{615482AD-0E78-42B2-868C-F2EB8A91723B}.Debug|Any CPU.Build.0 = Debug|Any CPU
		{615482AD-0E78-42B2-868C-F2EB8A91723B}.Debug|x64.ActiveCfg = Debug|Any CPU
		{615482AD-0E78-42B2-868C-F2EB8A91723B}.Debug|x64.Build.0 = Debug|Any CPU
		{615482AD-0E78-42B2-868C-F2EB8A91723B}.Debug|x86.ActiveCfg = Debug|Any CPU
		{615482AD-0E78-42B2-868C-F2EB8A91723B}.Debug|x86.Build.0 = Debug|Any CPU
		{615482AD-0E78-42B2-868C-F2EB8A91723B}.Release|Any CPU.ActiveCfg = Release|Any CPU
		{615482AD-0E78-42B2-868C-F2EB8A91723B}.Release|Any CPU.Build.0 = Release|Any CPU
		{615482AD-0E78-42B2-868C-F2EB8A91723B}.Release|x64.ActiveCfg = Release|Any CPU
		{615482AD-0E78-42B2-868C-F2EB8A91723B}.Release|x64.Build.0 = Release|Any CPU
		{615482AD-0E78-42B2-868C-F2EB8A91723B}.Release|x86.ActiveCfg = Release|Any CPU
		{615482AD-0E78-42B2-868C-F2EB8A91723B}.Release|x86.Build.0 = Release|Any CPU
		{83B5CEF5-4B84-4E70-B44B-8C470A6EB0E1}.Debug|Any CPU.ActiveCfg = Debug|Any CPU
		{83B5CEF5-4B84-4E70-B44B-8C470A6EB0E1}.Debug|Any CPU.Build.0 = Debug|Any CPU
		{83B5CEF5-4B84-4E70-B44B-8C470A6EB0E1}.Debug|x64.ActiveCfg = Debug|Any CPU
		{83B5CEF5-4B84-4E70-B44B-8C470A6EB0E1}.Debug|x64.Build.0 = Debug|Any CPU
		{83B5CEF5-4B84-4E70-B44B-8C470A6EB0E1}.Debug|x86.ActiveCfg = Debug|Any CPU
		{83B5CEF5-4B84-4E70-B44B-8C470A6EB0E1}.Debug|x86.Build.0 = Debug|Any CPU
		{83B5CEF5-4B84-4E70-B44B-8C470A6EB0E1}.Release|Any CPU.ActiveCfg = Release|Any CPU
		{83B5CEF5-4B84-4E70-B44B-8C470A6EB0E1}.Release|Any CPU.Build.0 = Release|Any CPU
		{83B5CEF5-4B84-4E70-B44B-8C470A6EB0E1}.Release|x64.ActiveCfg = Release|Any CPU
		{83B5CEF5-4B84-4E70-B44B-8C470A6EB0E1}.Release|x64.Build.0 = Release|Any CPU
		{83B5CEF5-4B84-4E70-B44B-8C470A6EB0E1}.Release|x86.ActiveCfg = Release|Any CPU
		{83B5CEF5-4B84-4E70-B44B-8C470A6EB0E1}.Release|x86.Build.0 = Release|Any CPU
		{F9D4F375-5D14-4708-B15B-A81A0C1BF2DB}.Debug|Any CPU.ActiveCfg = Debug|Any CPU
		{F9D4F375-5D14-4708-B15B-A81A0C1BF2DB}.Debug|Any CPU.Build.0 = Debug|Any CPU
		{F9D4F375-5D14-4708-B15B-A81A0C1BF2DB}.Debug|x64.ActiveCfg = Debug|Any CPU
		{F9D4F375-5D14-4708-B15B-A81A0C1BF2DB}.Debug|x64.Build.0 = Debug|Any CPU
		{F9D4F375-5D14-4708-B15B-A81A0C1BF2DB}.Debug|x86.ActiveCfg = Debug|Any CPU
		{F9D4F375-5D14-4708-B15B-A81A0C1BF2DB}.Debug|x86.Build.0 = Debug|Any CPU
		{F9D4F375-5D14-4708-B15B-A81A0C1BF2DB}.Release|Any CPU.ActiveCfg = Release|Any CPU
		{F9D4F375-5D14-4708-B15B-A81A0C1BF2DB}.Release|Any CPU.Build.0 = Release|Any CPU
		{F9D4F375-5D14-4708-B15B-A81A0C1BF2DB}.Release|x64.ActiveCfg = Release|Any CPU
		{F9D4F375-5D14-4708-B15B-A81A0C1BF2DB}.Release|x64.Build.0 = Release|Any CPU
		{F9D4F375-5D14-4708-B15B-A81A0C1BF2DB}.Release|x86.ActiveCfg = Release|Any CPU
		{F9D4F375-5D14-4708-B15B-A81A0C1BF2DB}.Release|x86.Build.0 = Release|Any CPU
		{B54E0F04-9580-4311-A6BA-DB8ED1652D77}.Debug|Any CPU.ActiveCfg = Debug|Any CPU
		{B54E0F04-9580-4311-A6BA-DB8ED1652D77}.Debug|Any CPU.Build.0 = Debug|Any CPU
		{B54E0F04-9580-4311-A6BA-DB8ED1652D77}.Debug|x64.ActiveCfg = Debug|Any CPU
		{B54E0F04-9580-4311-A6BA-DB8ED1652D77}.Debug|x64.Build.0 = Debug|Any CPU
		{B54E0F04-9580-4311-A6BA-DB8ED1652D77}.Debug|x86.ActiveCfg = Debug|Any CPU
		{B54E0F04-9580-4311-A6BA-DB8ED1652D77}.Debug|x86.Build.0 = Debug|Any CPU
		{B54E0F04-9580-4311-A6BA-DB8ED1652D77}.Release|Any CPU.ActiveCfg = Release|Any CPU
		{B54E0F04-9580-4311-A6BA-DB8ED1652D77}.Release|Any CPU.Build.0 = Release|Any CPU
		{B54E0F04-9580-4311-A6BA-DB8ED1652D77}.Release|x64.ActiveCfg = Release|Any CPU
		{B54E0F04-9580-4311-A6BA-DB8ED1652D77}.Release|x64.Build.0 = Release|Any CPU
		{B54E0F04-9580-4311-A6BA-DB8ED1652D77}.Release|x86.ActiveCfg = Release|Any CPU
		{B54E0F04-9580-4311-A6BA-DB8ED1652D77}.Release|x86.Build.0 = Release|Any CPU
		{CB441B0E-395C-44AF-8D96-C2238F319545}.Debug|Any CPU.ActiveCfg = Debug|Any CPU
		{CB441B0E-395C-44AF-8D96-C2238F319545}.Debug|Any CPU.Build.0 = Debug|Any CPU
		{CB441B0E-395C-44AF-8D96-C2238F319545}.Debug|x64.ActiveCfg = Debug|Any CPU
		{CB441B0E-395C-44AF-8D96-C2238F319545}.Debug|x64.Build.0 = Debug|Any CPU
		{CB441B0E-395C-44AF-8D96-C2238F319545}.Debug|x86.ActiveCfg = Debug|Any CPU
		{CB441B0E-395C-44AF-8D96-C2238F319545}.Debug|x86.Build.0 = Debug|Any CPU
		{CB441B0E-395C-44AF-8D96-C2238F319545}.Release|Any CPU.ActiveCfg = Release|Any CPU
		{CB441B0E-395C-44AF-8D96-C2238F319545}.Release|Any CPU.Build.0 = Release|Any CPU
		{CB441B0E-395C-44AF-8D96-C2238F319545}.Release|x64.ActiveCfg = Release|Any CPU
		{CB441B0E-395C-44AF-8D96-C2238F319545}.Release|x64.Build.0 = Release|Any CPU
		{CB441B0E-395C-44AF-8D96-C2238F319545}.Release|x86.ActiveCfg = Release|Any CPU
		{CB441B0E-395C-44AF-8D96-C2238F319545}.Release|x86.Build.0 = Release|Any CPU
		{CC4AA812-99B7-4056-8505-0EC2E5728C7B}.Debug|Any CPU.ActiveCfg = Debug|Any CPU
		{CC4AA812-99B7-4056-8505-0EC2E5728C7B}.Debug|Any CPU.Build.0 = Debug|Any CPU
		{CC4AA812-99B7-4056-8505-0EC2E5728C7B}.Debug|x64.ActiveCfg = Debug|Any CPU
		{CC4AA812-99B7-4056-8505-0EC2E5728C7B}.Debug|x64.Build.0 = Debug|Any CPU
		{CC4AA812-99B7-4056-8505-0EC2E5728C7B}.Debug|x86.ActiveCfg = Debug|Any CPU
		{CC4AA812-99B7-4056-8505-0EC2E5728C7B}.Debug|x86.Build.0 = Debug|Any CPU
		{CC4AA812-99B7-4056-8505-0EC2E5728C7B}.Release|Any CPU.ActiveCfg = Release|Any CPU
		{CC4AA812-99B7-4056-8505-0EC2E5728C7B}.Release|Any CPU.Build.0 = Release|Any CPU
		{CC4AA812-99B7-4056-8505-0EC2E5728C7B}.Release|x64.ActiveCfg = Release|Any CPU
		{CC4AA812-99B7-4056-8505-0EC2E5728C7B}.Release|x64.Build.0 = Release|Any CPU
		{CC4AA812-99B7-4056-8505-0EC2E5728C7B}.Release|x86.ActiveCfg = Release|Any CPU
		{CC4AA812-99B7-4056-8505-0EC2E5728C7B}.Release|x86.Build.0 = Release|Any CPU
		{825CCB7E-12B7-4F50-87FD-89C22A4F1DDA}.Debug|Any CPU.ActiveCfg = Debug|Any CPU
		{825CCB7E-12B7-4F50-87FD-89C22A4F1DDA}.Debug|Any CPU.Build.0 = Debug|Any CPU
		{825CCB7E-12B7-4F50-87FD-89C22A4F1DDA}.Debug|x64.ActiveCfg = Debug|Any CPU
		{825CCB7E-12B7-4F50-87FD-89C22A4F1DDA}.Debug|x64.Build.0 = Debug|Any CPU
		{825CCB7E-12B7-4F50-87FD-89C22A4F1DDA}.Debug|x86.ActiveCfg = Debug|Any CPU
		{825CCB7E-12B7-4F50-87FD-89C22A4F1DDA}.Debug|x86.Build.0 = Debug|Any CPU
		{825CCB7E-12B7-4F50-87FD-89C22A4F1DDA}.Release|Any CPU.ActiveCfg = Release|Any CPU
		{825CCB7E-12B7-4F50-87FD-89C22A4F1DDA}.Release|Any CPU.Build.0 = Release|Any CPU
		{825CCB7E-12B7-4F50-87FD-89C22A4F1DDA}.Release|x64.ActiveCfg = Release|Any CPU
		{825CCB7E-12B7-4F50-87FD-89C22A4F1DDA}.Release|x64.Build.0 = Release|Any CPU
		{825CCB7E-12B7-4F50-87FD-89C22A4F1DDA}.Release|x86.ActiveCfg = Release|Any CPU
		{825CCB7E-12B7-4F50-87FD-89C22A4F1DDA}.Release|x86.Build.0 = Release|Any CPU
		{32F3CB58-04D3-4398-B449-47512D139972}.Debug|Any CPU.ActiveCfg = Debug|Any CPU
		{32F3CB58-04D3-4398-B449-47512D139972}.Debug|Any CPU.Build.0 = Debug|Any CPU
		{32F3CB58-04D3-4398-B449-47512D139972}.Debug|x64.ActiveCfg = Debug|Any CPU
		{32F3CB58-04D3-4398-B449-47512D139972}.Debug|x64.Build.0 = Debug|Any CPU
		{32F3CB58-04D3-4398-B449-47512D139972}.Debug|x86.ActiveCfg = Debug|Any CPU
		{32F3CB58-04D3-4398-B449-47512D139972}.Debug|x86.Build.0 = Debug|Any CPU
		{32F3CB58-04D3-4398-B449-47512D139972}.Release|Any CPU.ActiveCfg = Release|Any CPU
		{32F3CB58-04D3-4398-B449-47512D139972}.Release|Any CPU.Build.0 = Release|Any CPU
		{32F3CB58-04D3-4398-B449-47512D139972}.Release|x64.ActiveCfg = Release|Any CPU
		{32F3CB58-04D3-4398-B449-47512D139972}.Release|x64.Build.0 = Release|Any CPU
		{32F3CB58-04D3-4398-B449-47512D139972}.Release|x86.ActiveCfg = Release|Any CPU
		{32F3CB58-04D3-4398-B449-47512D139972}.Release|x86.Build.0 = Release|Any CPU
		{322D4D45-E3FA-4EED-8076-0C87E07B3DE0}.Debug|Any CPU.ActiveCfg = Debug|Any CPU
		{322D4D45-E3FA-4EED-8076-0C87E07B3DE0}.Debug|Any CPU.Build.0 = Debug|Any CPU
		{322D4D45-E3FA-4EED-8076-0C87E07B3DE0}.Debug|x64.ActiveCfg = Debug|Any CPU
		{322D4D45-E3FA-4EED-8076-0C87E07B3DE0}.Debug|x64.Build.0 = Debug|Any CPU
		{322D4D45-E3FA-4EED-8076-0C87E07B3DE0}.Debug|x86.ActiveCfg = Debug|Any CPU
		{322D4D45-E3FA-4EED-8076-0C87E07B3DE0}.Debug|x86.Build.0 = Debug|Any CPU
		{322D4D45-E3FA-4EED-8076-0C87E07B3DE0}.Release|Any CPU.ActiveCfg = Release|Any CPU
		{322D4D45-E3FA-4EED-8076-0C87E07B3DE0}.Release|Any CPU.Build.0 = Release|Any CPU
		{322D4D45-E3FA-4EED-8076-0C87E07B3DE0}.Release|x64.ActiveCfg = Release|Any CPU
		{322D4D45-E3FA-4EED-8076-0C87E07B3DE0}.Release|x64.Build.0 = Release|Any CPU
		{322D4D45-E3FA-4EED-8076-0C87E07B3DE0}.Release|x86.ActiveCfg = Release|Any CPU
		{322D4D45-E3FA-4EED-8076-0C87E07B3DE0}.Release|x86.Build.0 = Release|Any CPU
		{2E8C8794-A757-4A97-9418-20A03A13DB8C}.Debug|Any CPU.ActiveCfg = Debug|Any CPU
		{2E8C8794-A757-4A97-9418-20A03A13DB8C}.Debug|Any CPU.Build.0 = Debug|Any CPU
		{2E8C8794-A757-4A97-9418-20A03A13DB8C}.Debug|x64.ActiveCfg = Debug|Any CPU
		{2E8C8794-A757-4A97-9418-20A03A13DB8C}.Debug|x64.Build.0 = Debug|Any CPU
		{2E8C8794-A757-4A97-9418-20A03A13DB8C}.Debug|x86.ActiveCfg = Debug|Any CPU
		{2E8C8794-A757-4A97-9418-20A03A13DB8C}.Debug|x86.Build.0 = Debug|Any CPU
		{2E8C8794-A757-4A97-9418-20A03A13DB8C}.Release|Any CPU.ActiveCfg = Release|Any CPU
		{2E8C8794-A757-4A97-9418-20A03A13DB8C}.Release|Any CPU.Build.0 = Release|Any CPU
		{2E8C8794-A757-4A97-9418-20A03A13DB8C}.Release|x64.ActiveCfg = Release|Any CPU
		{2E8C8794-A757-4A97-9418-20A03A13DB8C}.Release|x64.Build.0 = Release|Any CPU
		{2E8C8794-A757-4A97-9418-20A03A13DB8C}.Release|x86.ActiveCfg = Release|Any CPU
		{2E8C8794-A757-4A97-9418-20A03A13DB8C}.Release|x86.Build.0 = Release|Any CPU
		{0470D5CE-DB71-4077-943A-7DE31F697039}.Debug|Any CPU.ActiveCfg = Debug|Any CPU
		{0470D5CE-DB71-4077-943A-7DE31F697039}.Debug|Any CPU.Build.0 = Debug|Any CPU
		{0470D5CE-DB71-4077-943A-7DE31F697039}.Debug|x64.ActiveCfg = Debug|Any CPU
		{0470D5CE-DB71-4077-943A-7DE31F697039}.Debug|x64.Build.0 = Debug|Any CPU
		{0470D5CE-DB71-4077-943A-7DE31F697039}.Debug|x86.ActiveCfg = Debug|Any CPU
		{0470D5CE-DB71-4077-943A-7DE31F697039}.Debug|x86.Build.0 = Debug|Any CPU
		{0470D5CE-DB71-4077-943A-7DE31F697039}.Release|Any CPU.ActiveCfg = Release|Any CPU
		{0470D5CE-DB71-4077-943A-7DE31F697039}.Release|Any CPU.Build.0 = Release|Any CPU
		{0470D5CE-DB71-4077-943A-7DE31F697039}.Release|x64.ActiveCfg = Release|Any CPU
		{0470D5CE-DB71-4077-943A-7DE31F697039}.Release|x64.Build.0 = Release|Any CPU
		{0470D5CE-DB71-4077-943A-7DE31F697039}.Release|x86.ActiveCfg = Release|Any CPU
		{0470D5CE-DB71-4077-943A-7DE31F697039}.Release|x86.Build.0 = Release|Any CPU
		{D1FE84C1-85F0-4CBB-B7C4-B3CBD2B49822}.Debug|Any CPU.ActiveCfg = Debug|Any CPU
		{D1FE84C1-85F0-4CBB-B7C4-B3CBD2B49822}.Debug|Any CPU.Build.0 = Debug|Any CPU
		{D1FE84C1-85F0-4CBB-B7C4-B3CBD2B49822}.Debug|x64.ActiveCfg = Debug|Any CPU
		{D1FE84C1-85F0-4CBB-B7C4-B3CBD2B49822}.Debug|x64.Build.0 = Debug|Any CPU
		{D1FE84C1-85F0-4CBB-B7C4-B3CBD2B49822}.Debug|x86.ActiveCfg = Debug|Any CPU
		{D1FE84C1-85F0-4CBB-B7C4-B3CBD2B49822}.Debug|x86.Build.0 = Debug|Any CPU
		{D1FE84C1-85F0-4CBB-B7C4-B3CBD2B49822}.Release|Any CPU.ActiveCfg = Release|Any CPU
		{D1FE84C1-85F0-4CBB-B7C4-B3CBD2B49822}.Release|Any CPU.Build.0 = Release|Any CPU
		{D1FE84C1-85F0-4CBB-B7C4-B3CBD2B49822}.Release|x64.ActiveCfg = Release|Any CPU
		{D1FE84C1-85F0-4CBB-B7C4-B3CBD2B49822}.Release|x64.Build.0 = Release|Any CPU
		{D1FE84C1-85F0-4CBB-B7C4-B3CBD2B49822}.Release|x86.ActiveCfg = Release|Any CPU
		{D1FE84C1-85F0-4CBB-B7C4-B3CBD2B49822}.Release|x86.Build.0 = Release|Any CPU
		{F12AB52C-60F3-416A-BA03-E3628FBDB69F}.Debug|Any CPU.ActiveCfg = Debug|Any CPU
		{F12AB52C-60F3-416A-BA03-E3628FBDB69F}.Debug|Any CPU.Build.0 = Debug|Any CPU
		{F12AB52C-60F3-416A-BA03-E3628FBDB69F}.Debug|x64.ActiveCfg = Debug|Any CPU
		{F12AB52C-60F3-416A-BA03-E3628FBDB69F}.Debug|x64.Build.0 = Debug|Any CPU
		{F12AB52C-60F3-416A-BA03-E3628FBDB69F}.Debug|x86.ActiveCfg = Debug|Any CPU
		{F12AB52C-60F3-416A-BA03-E3628FBDB69F}.Debug|x86.Build.0 = Debug|Any CPU
		{F12AB52C-60F3-416A-BA03-E3628FBDB69F}.Release|Any CPU.ActiveCfg = Release|Any CPU
		{F12AB52C-60F3-416A-BA03-E3628FBDB69F}.Release|Any CPU.Build.0 = Release|Any CPU
		{F12AB52C-60F3-416A-BA03-E3628FBDB69F}.Release|x64.ActiveCfg = Release|Any CPU
		{F12AB52C-60F3-416A-BA03-E3628FBDB69F}.Release|x64.Build.0 = Release|Any CPU
		{F12AB52C-60F3-416A-BA03-E3628FBDB69F}.Release|x86.ActiveCfg = Release|Any CPU
		{F12AB52C-60F3-416A-BA03-E3628FBDB69F}.Release|x86.Build.0 = Release|Any CPU
		{B434456D-7A68-4197-955A-64C26836F270}.Debug|Any CPU.ActiveCfg = Debug|Any CPU
		{B434456D-7A68-4197-955A-64C26836F270}.Debug|Any CPU.Build.0 = Debug|Any CPU
		{B434456D-7A68-4197-955A-64C26836F270}.Debug|x64.ActiveCfg = Debug|Any CPU
		{B434456D-7A68-4197-955A-64C26836F270}.Debug|x64.Build.0 = Debug|Any CPU
		{B434456D-7A68-4197-955A-64C26836F270}.Debug|x86.ActiveCfg = Debug|Any CPU
		{B434456D-7A68-4197-955A-64C26836F270}.Debug|x86.Build.0 = Debug|Any CPU
		{B434456D-7A68-4197-955A-64C26836F270}.Release|Any CPU.ActiveCfg = Release|Any CPU
		{B434456D-7A68-4197-955A-64C26836F270}.Release|Any CPU.Build.0 = Release|Any CPU
		{B434456D-7A68-4197-955A-64C26836F270}.Release|x64.ActiveCfg = Release|Any CPU
		{B434456D-7A68-4197-955A-64C26836F270}.Release|x64.Build.0 = Release|Any CPU
		{B434456D-7A68-4197-955A-64C26836F270}.Release|x86.ActiveCfg = Release|Any CPU
		{B434456D-7A68-4197-955A-64C26836F270}.Release|x86.Build.0 = Release|Any CPU
		{14462AA0-6140-45DB-B2D4-70EEE35CB661}.Debug|Any CPU.ActiveCfg = Debug|Any CPU
		{14462AA0-6140-45DB-B2D4-70EEE35CB661}.Debug|Any CPU.Build.0 = Debug|Any CPU
		{14462AA0-6140-45DB-B2D4-70EEE35CB661}.Debug|x64.ActiveCfg = Debug|Any CPU
		{14462AA0-6140-45DB-B2D4-70EEE35CB661}.Debug|x64.Build.0 = Debug|Any CPU
		{14462AA0-6140-45DB-B2D4-70EEE35CB661}.Debug|x86.ActiveCfg = Debug|Any CPU
		{14462AA0-6140-45DB-B2D4-70EEE35CB661}.Debug|x86.Build.0 = Debug|Any CPU
		{14462AA0-6140-45DB-B2D4-70EEE35CB661}.Release|Any CPU.ActiveCfg = Release|Any CPU
		{14462AA0-6140-45DB-B2D4-70EEE35CB661}.Release|Any CPU.Build.0 = Release|Any CPU
		{14462AA0-6140-45DB-B2D4-70EEE35CB661}.Release|x64.ActiveCfg = Release|Any CPU
		{14462AA0-6140-45DB-B2D4-70EEE35CB661}.Release|x64.Build.0 = Release|Any CPU
		{14462AA0-6140-45DB-B2D4-70EEE35CB661}.Release|x86.ActiveCfg = Release|Any CPU
		{14462AA0-6140-45DB-B2D4-70EEE35CB661}.Release|x86.Build.0 = Release|Any CPU
		{C34401F8-517B-4661-AEFA-7A6DDF22ACE4}.Debug|Any CPU.ActiveCfg = Debug|Any CPU
		{C34401F8-517B-4661-AEFA-7A6DDF22ACE4}.Debug|Any CPU.Build.0 = Debug|Any CPU
		{C34401F8-517B-4661-AEFA-7A6DDF22ACE4}.Debug|x64.ActiveCfg = Debug|Any CPU
		{C34401F8-517B-4661-AEFA-7A6DDF22ACE4}.Debug|x64.Build.0 = Debug|Any CPU
		{C34401F8-517B-4661-AEFA-7A6DDF22ACE4}.Debug|x86.ActiveCfg = Debug|Any CPU
		{C34401F8-517B-4661-AEFA-7A6DDF22ACE4}.Debug|x86.Build.0 = Debug|Any CPU
		{C34401F8-517B-4661-AEFA-7A6DDF22ACE4}.Release|Any CPU.ActiveCfg = Release|Any CPU
		{C34401F8-517B-4661-AEFA-7A6DDF22ACE4}.Release|Any CPU.Build.0 = Release|Any CPU
		{C34401F8-517B-4661-AEFA-7A6DDF22ACE4}.Release|x64.ActiveCfg = Release|Any CPU
		{C34401F8-517B-4661-AEFA-7A6DDF22ACE4}.Release|x64.Build.0 = Release|Any CPU
		{C34401F8-517B-4661-AEFA-7A6DDF22ACE4}.Release|x86.ActiveCfg = Release|Any CPU
		{C34401F8-517B-4661-AEFA-7A6DDF22ACE4}.Release|x86.Build.0 = Release|Any CPU
		{FFCD7254-132B-4947-9146-43E608E5699F}.Debug|Any CPU.ActiveCfg = Debug|Any CPU
		{FFCD7254-132B-4947-9146-43E608E5699F}.Debug|Any CPU.Build.0 = Debug|Any CPU
		{FFCD7254-132B-4947-9146-43E608E5699F}.Debug|x64.ActiveCfg = Debug|Any CPU
		{FFCD7254-132B-4947-9146-43E608E5699F}.Debug|x64.Build.0 = Debug|Any CPU
		{FFCD7254-132B-4947-9146-43E608E5699F}.Debug|x86.ActiveCfg = Debug|Any CPU
		{FFCD7254-132B-4947-9146-43E608E5699F}.Debug|x86.Build.0 = Debug|Any CPU
		{FFCD7254-132B-4947-9146-43E608E5699F}.Release|Any CPU.ActiveCfg = Release|Any CPU
		{FFCD7254-132B-4947-9146-43E608E5699F}.Release|Any CPU.Build.0 = Release|Any CPU
		{FFCD7254-132B-4947-9146-43E608E5699F}.Release|x64.ActiveCfg = Release|Any CPU
		{FFCD7254-132B-4947-9146-43E608E5699F}.Release|x64.Build.0 = Release|Any CPU
		{FFCD7254-132B-4947-9146-43E608E5699F}.Release|x86.ActiveCfg = Release|Any CPU
		{FFCD7254-132B-4947-9146-43E608E5699F}.Release|x86.Build.0 = Release|Any CPU
	EndGlobalSection
	GlobalSection(SolutionProperties) = preSolution
		HideSolutionNode = FALSE
	EndGlobalSection
	GlobalSection(NestedProjects) = preSolution
		{9E8D6A84-28EC-4DDB-B70F-93A9000C636E} = {42CBEFB1-3495-4210-84AE-9568A1FA9F7C}
		{E948DB73-4DF6-438D-9818-2A03B6EE991B} = {65F2AE98-A9A2-472C-BD22-A58DBD451E12}
		{DB5062AD-22D9-4236-849A-B4944B83149B} = {65F2AE98-A9A2-472C-BD22-A58DBD451E12}
		{5C81ED62-14F7-49BA-8024-E92374B125C2} = {42CBEFB1-3495-4210-84AE-9568A1FA9F7C}
		{26B4747B-713B-42CA-AF28-FA003C40E099} = {42CBEFB1-3495-4210-84AE-9568A1FA9F7C}
		{32B9F698-6A79-44B6-BA6B-CC1EE821A1A8} = {42CBEFB1-3495-4210-84AE-9568A1FA9F7C}
		{F17CBCEA-5F17-4CBE-B6D3-D64CE84F5E91} = {42CBEFB1-3495-4210-84AE-9568A1FA9F7C}
		{C8E625B7-3F98-4897-B7A2-99D79F9F3A12} = {42CBEFB1-3495-4210-84AE-9568A1FA9F7C}
		{EFC54E73-51C6-49F2-AAED-6B2AD4621113} = {42CBEFB1-3495-4210-84AE-9568A1FA9F7C}
		{F84C33F2-B6EE-404F-BF52-A9426E65AB2C} = {42CBEFB1-3495-4210-84AE-9568A1FA9F7C}
		{57CC5677-7552-4786-83FE-3E5AB83F4185} = {42CBEFB1-3495-4210-84AE-9568A1FA9F7C}
		{0CB16CFB-03FB-4C63-A3AC-C07DEE420677} = {65F2AE98-A9A2-472C-BD22-A58DBD451E12}
		{659A4B06-328F-4D4B-983E-4D7D0E6406B7} = {42CBEFB1-3495-4210-84AE-9568A1FA9F7C}
		{19AA8B65-3898-4A6D-B679-1FAE744AD1B3} = {42CBEFB1-3495-4210-84AE-9568A1FA9F7C}
		{1102B920-C03A-49E9-BB4E-6CB7FF5A0144} = {42CBEFB1-3495-4210-84AE-9568A1FA9F7C}
		{8D2B7C7E-2369-4617-9A42-5467FA0C10AE} = {42CBEFB1-3495-4210-84AE-9568A1FA9F7C}
		{96307B56-C3EE-4904-AA01-24C313DD1148} = {42CBEFB1-3495-4210-84AE-9568A1FA9F7C}
		{61DE2448-B371-4979-B896-4B13BB2FFDE8} = {4E99F444-23AA-49EE-AEF7-C2D11FFADD51}
		{4FBCF7DB-5C77-4874-8B7A-DD6C4BD9F2EB} = {4E99F444-23AA-49EE-AEF7-C2D11FFADD51}
		{615482AD-0E78-42B2-868C-F2EB8A91723B} = {4E99F444-23AA-49EE-AEF7-C2D11FFADD51}
		{83B5CEF5-4B84-4E70-B44B-8C470A6EB0E1} = {4E99F444-23AA-49EE-AEF7-C2D11FFADD51}
		{F9D4F375-5D14-4708-B15B-A81A0C1BF2DB} = {4E99F444-23AA-49EE-AEF7-C2D11FFADD51}
		{B54E0F04-9580-4311-A6BA-DB8ED1652D77} = {4E99F444-23AA-49EE-AEF7-C2D11FFADD51}
		{CB441B0E-395C-44AF-8D96-C2238F319545} = {4E99F444-23AA-49EE-AEF7-C2D11FFADD51}
		{CC4AA812-99B7-4056-8505-0EC2E5728C7B} = {4E99F444-23AA-49EE-AEF7-C2D11FFADD51}
		{825CCB7E-12B7-4F50-87FD-89C22A4F1DDA} = {42CBEFB1-3495-4210-84AE-9568A1FA9F7C}
		{32F3CB58-04D3-4398-B449-47512D139972} = {42CBEFB1-3495-4210-84AE-9568A1FA9F7C}
		{322D4D45-E3FA-4EED-8076-0C87E07B3DE0} = {65F2AE98-A9A2-472C-BD22-A58DBD451E12}
		{2E8C8794-A757-4A97-9418-20A03A13DB8C} = {42CBEFB1-3495-4210-84AE-9568A1FA9F7C}
		{0470D5CE-DB71-4077-943A-7DE31F697039} = {42CBEFB1-3495-4210-84AE-9568A1FA9F7C}
		{D1FE84C1-85F0-4CBB-B7C4-B3CBD2B49822} = {42CBEFB1-3495-4210-84AE-9568A1FA9F7C}
		{F12AB52C-60F3-416A-BA03-E3628FBDB69F} = {42CBEFB1-3495-4210-84AE-9568A1FA9F7C}
		{B434456D-7A68-4197-955A-64C26836F270} = {42CBEFB1-3495-4210-84AE-9568A1FA9F7C}
		{14462AA0-6140-45DB-B2D4-70EEE35CB661} = {65F2AE98-A9A2-472C-BD22-A58DBD451E12}
		{C34401F8-517B-4661-AEFA-7A6DDF22ACE4} = {42CBEFB1-3495-4210-84AE-9568A1FA9F7C}
		{A2167922-9EC1-4023-9F79-A56F937F5E2E} = {A2EE5529-D52D-42CA-A2D3-B3E080838B93}
		{FFCD7254-132B-4947-9146-43E608E5699F} = {A2167922-9EC1-4023-9F79-A56F937F5E2E}
	EndGlobalSection
	GlobalSection(ExtensibilityGlobals) = postSolution
		SolutionGuid = {7828FC24-7B46-4846-AF7D-B7EB0C01D942}
	EndGlobalSection
EndGlobal
